
Microsoft Visual Studio Solution File, Format Version 12.00
# Visual Studio 15
VisualStudioVersion = 15.0.27428.2002
MinimumVisualStudioVersion = 10.0.40219.1
Project("{FAE04EC0-301F-11D3-BF4B-00C04F79EFBC}") = "TesteNF.Utils", "TesteNF.Utils\TesteNF.Utils.csproj", "{AE119595-96F3-4B4B-94A7-90361E69BFCB}"
EndProject
Project("{FAE04EC0-301F-11D3-BF4B-00C04F79EFBC}") = "TesteNF.Utils.UnitTesting", "TesteNF.Utils.UnitTesting\TesteNF.Utils.UnitTesting.csproj", "{14445705-087E-4B97-AB2A-680CE1333739}"
EndProject
Global
	GlobalSection(SolutionConfigurationPlatforms) = preSolution
		Debug|Any CPU = Debug|Any CPU
		Debug|ARM = Debug|ARM
		Debug|x64 = Debug|x64
		Debug|x86 = Debug|x86
		Release|Any CPU = Release|Any CPU
		Release|ARM = Release|ARM
		Release|x64 = Release|x64
		Release|x86 = Release|x86
	EndGlobalSection
	GlobalSection(ProjectConfigurationPlatforms) = postSolution
		{AE119595-96F3-4B4B-94A7-90361E69BFCB}.Debug|Any CPU.ActiveCfg = Debug|Any CPU
		{AE119595-96F3-4B4B-94A7-90361E69BFCB}.Debug|Any CPU.Build.0 = Debug|Any CPU
		{AE119595-96F3-4B4B-94A7-90361E69BFCB}.Debug|ARM.ActiveCfg = Debug|Any CPU
		{AE119595-96F3-4B4B-94A7-90361E69BFCB}.Debug|ARM.Build.0 = Debug|Any CPU
		{AE119595-96F3-4B4B-94A7-90361E69BFCB}.Debug|x64.ActiveCfg = Debug|Any CPU
		{AE119595-96F3-4B4B-94A7-90361E69BFCB}.Debug|x64.Build.0 = Debug|Any CPU
		{AE119595-96F3-4B4B-94A7-90361E69BFCB}.Debug|x86.ActiveCfg = Debug|Any CPU
		{AE119595-96F3-4B4B-94A7-90361E69BFCB}.Debug|x86.Build.0 = Debug|Any CPU
		{AE119595-96F3-4B4B-94A7-90361E69BFCB}.Release|Any CPU.ActiveCfg = Release|Any CPU
		{AE119595-96F3-4B4B-94A7-90361E69BFCB}.Release|Any CPU.Build.0 = Release|Any CPU
		{AE119595-96F3-4B4B-94A7-90361E69BFCB}.Release|ARM.ActiveCfg = Release|Any CPU
		{AE119595-96F3-4B4B-94A7-90361E69BFCB}.Release|ARM.Build.0 = Release|Any CPU
		{AE119595-96F3-4B4B-94A7-90361E69BFCB}.Release|x64.ActiveCfg = Release|Any CPU
		{AE119595-96F3-4B4B-94A7-90361E69BFCB}.Release|x64.Build.0 = Release|Any CPU
		{AE119595-96F3-4B4B-94A7-90361E69BFCB}.Release|x86.ActiveCfg = Release|Any CPU
		{AE119595-96F3-4B4B-94A7-90361E69BFCB}.Release|x86.Build.0 = Release|Any CPU
		{14445705-087E-4B97-AB2A-680CE1333739}.Debug|Any CPU.ActiveCfg = Debug|Any CPU
		{14445705-087E-4B97-AB2A-680CE1333739}.Debug|Any CPU.Build.0 = Debug|Any CPU
		{14445705-087E-4B97-AB2A-680CE1333739}.Debug|ARM.ActiveCfg = Debug|Any CPU
		{14445705-087E-4B97-AB2A-680CE1333739}.Debug|ARM.Build.0 = Debug|Any CPU
		{14445705-087E-4B97-AB2A-680CE1333739}.Debug|x64.ActiveCfg = Debug|Any CPU
		{14445705-087E-4B97-AB2A-680CE1333739}.Debug|x64.Build.0 = Debug|Any CPU
		{14445705-087E-4B97-AB2A-680CE1333739}.Debug|x86.ActiveCfg = Debug|Any CPU
		{14445705-087E-4B97-AB2A-680CE1333739}.Debug|x86.Build.0 = Debug|Any CPU
		{14445705-087E-4B97-AB2A-680CE1333739}.Release|Any CPU.ActiveCfg = Release|Any CPU
		{14445705-087E-4B97-AB2A-680CE1333739}.Release|Any CPU.Build.0 = Release|Any CPU
		{14445705-087E-4B97-AB2A-680CE1333739}.Release|ARM.ActiveCfg = Release|Any CPU
		{14445705-087E-4B97-AB2A-680CE1333739}.Release|ARM.Build.0 = Release|Any CPU
		{14445705-087E-4B97-AB2A-680CE1333739}.Release|x64.ActiveCfg = Release|Any CPU
		{14445705-087E-4B97-AB2A-680CE1333739}.Release|x64.Build.0 = Release|Any CPU
		{14445705-087E-4B97-AB2A-680CE1333739}.Release|x86.ActiveCfg = Release|Any CPU
		{14445705-087E-4B97-AB2A-680CE1333739}.Release|x86.Build.0 = Release|Any CPU
	EndGlobalSection
	GlobalSection(SolutionProperties) = preSolution
		HideSolutionNode = FALSE
	EndGlobalSection
	GlobalSection(ExtensibilityGlobals) = postSolution
		SolutionGuid = {D1B011B3-8054-4652-A70D-3EF5857830CF}
	EndGlobalSection
EndGlobal
